
Microsoft Visual Studio Solution File, Format Version 11.00
# Visual Basic Express 2010
Project("{F184B08F-C81C-45F6-A57F-5ABD9991F28F}") = "Disnakan Surat", "Disnakan Surat\Disnakan Surat.vbproj", "{B8030D7C-8904-4440-B998-837034330F5B}"
EndProject
Global
	GlobalSection(SolutionConfigurationPlatforms) = preSolution
		Debug|x86 = Debug|x86
		Release|x86 = Release|x86
	EndGlobalSection
	GlobalSection(ProjectConfigurationPlatforms) = postSolution
		{B8030D7C-8904-4440-B998-837034330F5B}.Debug|x86.ActiveCfg = Debug|x86
		{B8030D7C-8904-4440-B998-837034330F5B}.Debug|x86.Build.0 = Debug|x86
		{B8030D7C-8904-4440-B998-837034330F5B}.Release|x86.ActiveCfg = Release|x86
		{B8030D7C-8904-4440-B998-837034330F5B}.Release|x86.Build.0 = Release|x86
	EndGlobalSection
	GlobalSection(SolutionProperties) = preSolution
		HideSolutionNode = FALSE
	EndGlobalSection
EndGlobal
